github.com/HACKERALERT/gl v0.0.0-20220507232930-73af36e130d3 h1:JMAOkmVuuJKjFAVeK+P7i3F/bVSCTU1UUmaxaYTYs9Q=
github.com/HACKERALERT/gl v0.0.0-20220507232930-73af36e130d3/go.mod h1:ZUosVzfEKNGLMLk6aj9yo0FSAhWWsbTMjuzeIUXniB0=
github.com/HACKERALERT/glfw/v3.3/glfw v0.0.0-20221117222155-c08d79e41abe h1:0qOalSxn46hXG9xwfZkaTuUs5smQQ3X5v7p89HHzkEg=
github.com/HACKERALERT/glfw/v3.3/glfw v0.0.0-20221117222155-c08d79e41abe/go.mod h1:aP+FSN9tk1W3UsQisFWxRLQ4WOF7T3niq68UYw0B150=
